{
  "name": "aurelia-azureadb2c",
  "version": "0.1.0",
  "lockfileVersion": 1,
  "requires": true,
  "dependencies": {
    "@types/node": {
      "version": "6.14.13",
      "resolved": "https://registry.npmjs.org/@types/node/-/node-6.14.13.tgz",
      "integrity": "sha512-J1F0XJ/9zxlZel5ZlbeSuHW2OpabrUAqpFuC2sm2I3by8sERQ8+KCjNKUcq8QHuzpGMWiJpo9ZxeHrqrP2KzQw==",
      "dev": true
    },
    "aurelia-animator-css": {
      "version": "1.0.2",
      "resolved": "https://registry.npmjs.org/aurelia-animator-css/-/aurelia-animator-css-1.0.2.tgz",
      "integrity": "sha1-W4x30+MgT0aD5LmNJF53Zj8BaHI="
    },
    "aurelia-bootstrapper": {
      "version": "2.1.1",
      "resolved": "https://registry.npmjs.org/aurelia-bootstrapper/-/aurelia-bootstrapper-2.1.1.tgz",
      "integrity": "sha1-R1esF2EbYJZwSWG1UUj3ewQrasU="
    },
    "aurelia-cli": {
      "version": "0.27.0",
      "resolved": "https://registry.npmjs.org/aurelia-cli/-/aurelia-cli-0.27.0.tgz",
      "integrity": "sha1-ewbt7rZCrUeUBuaZY9Da2sMJVM8=",
      "dev": true
    },
    "aurelia-fetch-client": {
      "version": "1.1.2",
      "resolved": "https://registry.npmjs.org/aurelia-fetch-client/-/aurelia-fetch-client-1.1.2.tgz",
      "integrity": "sha1-EjoE2Gd+Faj+ygVTvISGUVoV3So="
    },
    "aurelia-testing": {
      "version": "1.0.0-beta.3.0.1",
      "resolved": "https://registry.npmjs.org/aurelia-testing/-/aurelia-testing-1.0.0-beta.3.0.1.tgz",
      "integrity": "sha1-Q201dVzmW/tLSRPASavcL39lhQI=",
      "dev": true
    },
    "aurelia-tools": {
      "version": "1.0.0",
      "resolved": "https://registry.npmjs.org/aurelia-tools/-/aurelia-tools-1.0.0.tgz",
      "integrity": "sha1-x9gsk57kxGAmrCoFqZ/ERnMqMbw=",
      "dev": true
    },
    "bluebird": {
      "version": "3.5.0",
      "resolved": "https://registry.npmjs.org/bluebird/-/bluebird-3.5.0.tgz",
      "integrity": "sha1-eRQg1/VR7qKJdFOop3ZT+WYG1nw="
    },
    "browser-sync": {
      "version": "2.18.12",
      "resolved": "https://registry.npmjs.org/browser-sync/-/browser-sync-2.18.12.tgz",
      "integrity": "sha1-u6oKF6lh4rXwqOdg5pUCcYZmR3k=",
      "dev": true
    },
    "connect-history-api-fallback": {
      "version": "1.3.0",
      "resolved": "https://registry.npmjs.org/connect-history-api-fallback/-/connect-history-api-fallback-1.3.0.tgz",
      "integrity": "sha1-5R0X+PDvDbkKZP20feMFFVbp8Wk=",
      "dev": true
    },
    "event-stream": {
      "version": "3.3.4",
      "resolved": "https://registry.npmjs.org/event-stream/-/event-stream-3.3.4.tgz",
      "integrity": "sha1-SrTJoPWlTbkzi0w02Gv86PSzVXE=",
      "dev": true
    },
    "gulp": {
      "version": "git://github.com/gulpjs/gulp.git#38246c3f8b6dbb8d4ef657183e92d90c8299e22f",
      "from": "git://github.com/gulpjs/gulp.git#38246c3f8b6dbb8d4ef657183e92d90c8299e22f",
      "dev": true,
      "dependencies": {
        "camelcase": {
          "version": "https://registry.npmjs.org/camelcase/-/camelcase-2.1.1.tgz",
          "integrity": "sha1-fB0W1nmhu+WcoCys7PsBHiAfWh8="
        },
        "gulp-cli": {
          "version": "https://registry.npmjs.org/gulp-cli/-/gulp-cli-1.3.0.tgz",
          "integrity": "sha1-pr+7i+NTQb4pCuRc0+QBBxIW7dQ="
        },
        "yargs": {
          "version": "https://registry.npmjs.org/yargs/-/yargs-3.32.0.tgz",
          "integrity": "sha1-AwiOnr+edWtpdRYR0qXvWRSCyZU="
        }
      }
    },
    "gulp-changed-in-place": {
      "version": "2.2.0",
      "resolved": "https://registry.npmjs.org/gulp-changed-in-place/-/gulp-changed-in-place-2.2.0.tgz",
      "integrity": "sha1-HC9fVoq6ixmPxqL/ovjuFCHUVDw=",
      "dev": true
    },
    "gulp-notify": {
      "version": "2.2.0",
      "resolved": "https://registry.npmjs.org/gulp-notify/-/gulp-notify-2.2.0.tgz",
      "integrity": "sha1-BGyChcKS6X7tThWgCcJsu+XO8TU=",
      "dev": true,
      "dependencies": {
        "isarray": {
          "version": "https://registry.npmjs.org/isarray/-/isarray-0.0.1.tgz",
          "integrity": "sha1-ihis/Kmo9Bd+Cav8YDiTmwXR7t8="
        },
        "readable-stream": {
          "version": "https://registry.npmjs.org/readable-stream/-/readable-stream-1.0.34.tgz",
          "integrity": "sha1-Elgg40vIQtLyqq+v5MKRbuMsFXw="
        },
        "string_decoder": {
          "version": "https://registry.npmjs.org/string_decoder/-/string_decoder-0.10.31.tgz",
          "integrity": "sha1-YuIDvEF2bGwoyfyEMB2rHFMQ+pQ="
        },
        "through2": {
          "version": "https://registry.npmjs.org/through2/-/through2-0.6.5.tgz",
          "integrity": "sha1-QaucZ7KdVyCQcUEOHXp6lozTrUg="
        }
      }
    },
    "gulp-plumber": {
      "version": "1.1.0",
      "resolved": "https://registry.npmjs.org/gulp-plumber/-/gulp-plumber-1.1.0.tgz",
      "integrity": "sha1-8SF2wtBCL2AwbCQv/2oBo5T6ugk=",
      "dev": true
    },
    "gulp-rename": {
      "version": "1.2.2",
      "resolved": "https://registry.npmjs.org/gulp-rename/-/gulp-rename-1.2.2.tgz",
      "integrity": "sha1-OtRCh2PwXidk3sHGfYaNsnVoeBc=",
      "dev": true
    },
    "gulp-sourcemaps": {
      "version": "2.6.0",
      "resolved": "https://registry.npmjs.org/gulp-sourcemaps/-/gulp-sourcemaps-2.6.0.tgz",
      "integrity": "sha1-fMzomaijv8oVk6M0jQ+/Qd0/UeU=",
      "dev": true
    },
    "gulp-tslint": {
      "version": "5.0.0",
      "resolved": "https://registry.npmjs.org/gulp-tslint/-/gulp-tslint-5.0.0.tgz",
      "integrity": "sha1-sulMYlN5/LWwF83sOfmwa60Z6B4=",
      "dev": true
    },
    "gulp-typescript": {
      "version": "3.2.1",
      "resolved": "https://registry.npmjs.org/gulp-typescript/-/gulp-typescript-3.2.1.tgz",
      "integrity": "sha1-Us136caETjuai93YjohM60al23k=",
      "dev": true
    },
    "hellojs": {
      "version": "1.18.6",
      "resolved": "https://registry.npmjs.org/hellojs/-/hellojs-1.18.6.tgz",
      "integrity": "sha512-xt2zI4w9e6pxNP/WHrHME5Shaex2HuUIni7ZZ1EeqvTTDUd3FOaWdmDKUSRmQgw3LFv06bUi3mVWwGuM5pOtrw=="
    },
    "minimatch": {
      "version": "3.0.4",
      "resolved": "https://registry.npmjs.org/minimatch/-/minimatch-3.0.4.tgz",
      "integrity": "sha1-UWbihkV/AzBgZL5Ul+jbsMPTIIM=",
      "dev": true
    },
    "requirejs": {
      "version": "2.3.3",
      "resolved": "https://registry.npmjs.org/requirejs/-/requirejs-2.3.3.tgz",
      "integrity": "sha1-qln9OgKH6vQHlZoTgigES13WpqM="
    },
    "text": {
      "version": "git://github.com/requirejs/text.git#d04de4ffd7bf5ba6cb80cdca2d40d4f6f52a1b1f",
      "from": "git://github.com/requirejs/text.git#d04de4ffd7bf5ba6cb80cdca2d40d4f6f52a1b1f"
    },
    "through2": {
      "version": "2.0.3",
      "resolved": "https://registry.npmjs.org/through2/-/through2-2.0.3.tgz",
      "integrity": "sha1-AARWmzfHx0ujnEPzzteNGtlBQL4=",
      "dev": true
    },
    "tslint": {
      "version": "3.15.1",
      "resolved": "https://registry.npmjs.org/tslint/-/tslint-3.15.1.tgz",
      "integrity": "sha1-2hZcqT2P3CwIa1EWXuG6y0jJjqU=",
      "dev": true,
      "dependencies": {
        "colors": {
          "version": "https://registry.npmjs.org/colors/-/colors-1.1.2.tgz",
          "integrity": "sha1-FopHAXVran9RoSzgyXv6KMCE7WM="
        },
        "findup-sync": {
          "version": "https://registry.npmjs.org/findup-sync/-/findup-sync-0.3.0.tgz",
          "integrity": "sha1-N5MKpdgWt3fANEXhlmzGeQpMCxY=",
          "dependencies": {
            "glob": {
              "version": "https://registry.npmjs.org/glob/-/glob-5.0.15.tgz",
              "integrity": "sha1-G8k2ueAvSmA/zCIuz3Yz0wuLk7E="
            }
          }
        }
      }
    },
    "typescript": {
      "version": "2.4.1",
      "resolved": "https://registry.npmjs.org/typescript/-/typescript-2.4.1.tgz",
      "integrity": "sha1-w8yxbdqgsjFN4DHn5v7onlujRrw=",
      "dev": true
    },
    "uglify-js": {
      "version": "2.8.29",
      "resolved": "https://registry.npmjs.org/uglify-js/-/uglify-js-2.8.29.tgz",
      "integrity": "sha1-KcVzMUgFe7Th913zW3qcty5qWd0=",
      "dev": true,
      "dependencies": {
        "cliui": {
          "version": "https://registry.npmjs.org/cliui/-/cliui-2.1.0.tgz",
          "integrity": "sha1-S0dXYP+AJkx2LDoXGQMukcf+oNE="
        },
        "window-size": {
          "version": "https://registry.npmjs.org/window-size/-/window-size-0.1.0.tgz",
          "integrity": "sha1-VDjNLqk7IC76Ohn+iIeu58lPnJ0="
        },
        "wordwrap": {
          "version": "https://registry.npmjs.org/wordwrap/-/wordwrap-0.0.2.tgz",
          "integrity": "sha1-t5Zpu0LstAn4PVg8rVLKF+qhZD8="
        },
        "yargs": {
          "version": "https://registry.npmjs.org/yargs/-/yargs-3.10.0.tgz",
          "integrity": "sha1-9+572FfdfB0tOMDnTvvWgdFDH9E="
        }
      }
    },
    "vinyl-fs": {
      "version": "2.4.4",
      "resolved": "https://registry.npmjs.org/vinyl-fs/-/vinyl-fs-2.4.4.tgz",
      "integrity": "sha1-vm/zJwy1Xf19MGNkDegfJddTIjk=",
      "dev": true,
      "dependencies": {
        "gulp-sourcemaps": {
          "version": "https://registry.npmjs.org/gulp-sourcemaps/-/gulp-sourcemaps-1.6.0.tgz",
          "integrity": "sha1-uG/zSdgBzrVuHZ59x7vLS33uYAw="
        },
        "mkdirp": {
          "version": "https://registry.npmjs.org/mkdirp/-/mkdirp-0.5.1.tgz",
          "integrity": "sha1-MAV0OOrGz3+MR2fzhkjWaX11yQM="
        }
      }
    }
  }
}
